{
  "version": 4,
  "terraform_version": "1.3.9",
  "serial": 16,
  "lineage": "ed74e7a9-9c92-6de4-2654-4fcdd7c8d35d",
  "outputs": {},
  "resources": [
    {
      "module": "module.ec2",
      "mode": "data",
      "type": "aws_ami",
      "name": "debian12",
      "provider": "provider[\"registry.terraform.io/hashicorp/aws\"]",
      "instances": [
        {
          "schema_version": 0,
          "attributes": {
            "architecture": "x86_64",
            "arn": "arn:aws:ec2:us-east-1::image/ami-04063f39f8c8cfbad",
            "block_device_mappings": [
              {
                "device_name": "/dev/xvda",
                "ebs": {
                  "delete_on_termination": "true",
                  "encrypted": "false",
                  "iops": "3000",
                  "snapshot_id": "snap-06e811776102d3875",
                  "throughput": "125",
                  "volume_size": "8",
                  "volume_type": "gp3"
                },
                "no_device": "",
                "virtual_name": ""
              }
            ],
            "boot_mode": "",
            "creation_date": "2024-10-04T20:02:49.000Z",
            "deprecation_time": "2026-10-04T20:02:49.000Z",
            "description": "Debian 12 (20241004-1890)",
            "ena_support": true,
            "executable_users": null,
            "filter": [
              {
                "name": "name",
                "values": [
                  "debian-12-amd64-*"
                ]
              },
              {
                "name": "virtualization-type",
                "values": [
                  "hvm"
                ]
              }
            ],
            "hypervisor": "xen",
            "id": "ami-04063f39f8c8cfbad",
            "image_id": "ami-04063f39f8c8cfbad",
            "image_location": "aws-marketplace/debian-12-amd64-20241004-1890-prod-s2fy2g55okxhk",
            "image_owner_alias": "aws-marketplace",
            "image_type": "machine",
            "imds_support": "",
            "include_deprecated": false,
            "kernel_id": "",
            "most_recent": true,
            "name": "debian-12-amd64-20241004-1890-prod-s2fy2g55okxhk",
            "name_regex": null,
            "owner_id": "679593333241",
            "owners": [
              "679593333241"
            ],
            "platform": "",
            "platform_details": "Linux/UNIX",
            "product_codes": [
              {
                "product_code_id": "5ctsrtfjsovfs7giesa0alwtp",
                "product_code_type": "marketplace"
              }
            ],
            "public": true,
            "ramdisk_id": "",
            "root_device_name": "/dev/xvda",
            "root_device_type": "ebs",
            "root_snapshot_id": "snap-06e811776102d3875",
            "sriov_net_support": "simple",
            "state": "available",
            "state_reason": {
              "code": "UNSET",
              "message": "UNSET"
            },
            "tags": {},
            "timeouts": null,
            "tpm_support": "",
            "usage_operation": "RunInstances",
            "virtualization_type": "hvm"
          },
          "sensitive_attributes": []
        }
      ]
    },
    {
      "module": "module.ec2",
      "mode": "managed",
      "type": "aws_instance",
      "name": "debian_ec2",
      "provider": "provider[\"registry.terraform.io/hashicorp/aws\"]",
      "instances": [
        {
          "schema_version": 1,
          "attributes": {
            "ami": "ami-04063f39f8c8cfbad",
            "arn": "arn:aws:ec2:us-east-1:286571561339:instance/i-0ee28842f4e3211c5",
            "associate_public_ip_address": true,
            "availability_zone": "us-east-1a",
            "capacity_reservation_specification": [
              {
                "capacity_reservation_preference": "open",
                "capacity_reservation_target": []
              }
            ],
            "cpu_core_count": 1,
            "cpu_options": [
              {
                "amd_sev_snp": "",
                "core_count": 1,
                "threads_per_core": 1
              }
            ],
            "cpu_threads_per_core": 1,
            "credit_specification": [
              {
                "cpu_credits": "standard"
              }
            ],
            "disable_api_stop": false,
            "disable_api_termination": false,
            "ebs_block_device": [],
            "ebs_optimized": false,
            "enclave_options": [
              {
                "enabled": false
              }
            ],
            "ephemeral_block_device": [],
            "get_password_data": false,
            "hibernation": false,
            "host_id": "",
            "host_resource_group_arn": null,
            "iam_instance_profile": "",
            "id": "i-0ee28842f4e3211c5",
            "instance_initiated_shutdown_behavior": "stop",
            "instance_lifecycle": "",
            "instance_market_options": [],
            "instance_state": "running",
            "instance_type": "t2.micro",
            "ipv6_address_count": 0,
            "ipv6_addresses": [],
            "key_name": "VExpenses-william-key",
            "launch_template": [],
            "maintenance_options": [
              {
                "auto_recovery": "default"
              }
            ],
            "metadata_options": [
              {
                "http_endpoint": "enabled",
                "http_protocol_ipv6": "disabled",
                "http_put_response_hop_limit": 1,
                "http_tokens": "optional",
                "instance_metadata_tags": "disabled"
              }
            ],
            "monitoring": false,
            "network_interface": [],
            "outpost_arn": "",
            "password_data": "",
            "placement_group": "",
            "placement_partition_number": 0,
            "primary_network_interface_id": "eni-0f22e23a375ca0c53",
            "private_dns": "ip-10-0-1-58.ec2.internal",
            "private_dns_name_options": [
              {
                "enable_resource_name_dns_a_record": false,
                "enable_resource_name_dns_aaaa_record": false,
                "hostname_type": "ip-name"
              }
            ],
            "private_ip": "10.0.1.58",
            "public_dns": "ec2-44-200-238-6.compute-1.amazonaws.com",
            "public_ip": "44.200.238.6",
            "root_block_device": [
              {
                "delete_on_termination": true,
                "device_name": "/dev/xvda",
                "encrypted": false,
                "iops": 100,
                "kms_key_id": "",
                "tags": null,
                "tags_all": {},
                "throughput": 0,
                "volume_id": "vol-02c84d097b8aa92b6",
                "volume_size": 20,
                "volume_type": "gp2"
              }
            ],
            "secondary_private_ips": [],
            "security_groups": [
              "sg-0c831c017ae7c1f9e"
            ],
            "source_dest_check": true,
            "spot_instance_request_id": "",
            "subnet_id": "subnet-05c71ce17a93ffbc4",
            "tags": {
              "Name": "VExpenses-william-ec2"
            },
            "tags_all": {
              "Name": "VExpenses-william-ec2"
            },
            "tenancy": "default",
            "timeouts": null,
            "user_data": "36ca4b075458a8b72cee838073161b395d3c56ee",
            "user_data_base64": null,
            "user_data_replace_on_change": false,
            "volume_tags": null,
            "vpc_security_group_ids": [
              "sg-0c831c017ae7c1f9e"
            ]
          },
          "sensitive_attributes": [],
          "private": "eyJlMmJmYjczMC1lY2FhLTExZTYtOGY4OC0zNDM2M2JjN2M0YzAiOnsiY3JlYXRlIjo2MDAwMDAwMDAwMDAsImRlbGV0ZSI6MTIwMDAwMDAwMDAwMCwicmVhZCI6OTAwMDAwMDAwMDAwLCJ1cGRhdGUiOjYwMDAwMDAwMDAwMH0sInNjaGVtYV92ZXJzaW9uIjoiMSJ9",
          "dependencies": [
            "module.ec2.aws_key_pair.ec2_key_pair",
            "module.ec2.data.aws_ami.debian12",
            "module.security.aws_security_group.main_sg",
            "module.vpc.aws_subnet.main_subnet"
          ]
        }
      ]
    },
    {
      "module": "module.ec2",
      "mode": "managed",
      "type": "aws_key_pair",
      "name": "ec2_key_pair",
      "provider": "provider[\"registry.terraform.io/hashicorp/aws\"]",
      "instances": [
        {
          "schema_version": 1,
          "attributes": {
            "arn": "arn:aws:ec2:us-east-1:286571561339:key-pair/VExpenses-william-key",
            "fingerprint": "88:7f:83:12:70:0b:3b:b3:67:a1:5e:a5:5f:82:58:55",
            "id": "VExpenses-william-key",
            "key_name": "VExpenses-william-key",
            "key_name_prefix": "",
            "key_pair_id": "key-081fb0de18cb39c16",
            "key_type": "rsa",
            "public_key": "ssh-rsa AAAAB3NzaC1yc2EAAAADAQABAAABAQClbOUi5bwn4BGkyfO+7kmpg32Ywhe7hpNdZp9aOpn2cwAo+pdnoovH+KAW5J0nNJQ7rSobZLBC9NlZb/E8IT7jqo9R5YlesV6RrXaP09fLByfQy+OpDvWeQxczM/kpe3NSD5BM5QgxdypiT/vbBzQJiJdkKeu/ICHYp56fgPKo5GLy2dMwVAL3pgNdFTcigSMryKpxEgJejsGOgyZPRcovCIEwt1WDpxno4km+iN4YXMp62Mr0ZIy3BV12xrdSlEaVOFkwgavy5LRqf/YatLV3aOYZWFoSWKsQyOGZwhEw7p7V06oTqNowHZWNSFN54c+SDRCQLXrPL2u+5wBT0uux",
            "tags": {},
            "tags_all": {}
          },
          "sensitive_attributes": [],
          "private": "eyJzY2hlbWFfdmVyc2lvbiI6IjEifQ==",
          "dependencies": [
            "module.ec2.tls_private_key.ec2_key"
          ]
        }
      ]
    },
    {
      "module": "module.ec2",
      "mode": "managed",
      "type": "tls_private_key",
      "name": "ec2_key",
      "provider": "provider[\"registry.terraform.io/hashicorp/tls\"]",
      "instances": [
        {
          "schema_version": 1,
          "attributes": {
            "algorithm": "RSA",
            "ecdsa_curve": "P224",
            "id": "47ddc7ddcccd7ff7d005e7f8d6626da35eb4f895",
            "private_key_openssh": "-----BEGIN OPENSSH PRIVATE KEY-----\nb3BlbnNzaC1rZXktdjEAAAAABG5vbmUAAAAEbm9uZQAAAAAAAAABAAABFwAAAAdz\nc2gtcnNhAAAAAwEAAQAAAQEApWzlIuW8J+ARpMnzvu5JqYN9mMIXu4aTXWafWjqZ\n9nMAKPqXZ6KLx/igFuSdJzSUO60qG2SwQvTZWW/xPCE+46qPUeWJXrFeka12j9PX\nywcn0MvjqQ71nkMXMzP5KXtzUg+QTOUIMXcqYk/72wc0CYiXZCnrvyAh2Keen4Dy\nqORi8tnTMFQC96YDXRU3IoEjK8iqcRICXo7BjoMmT0XKLwiBMLdVg6cZ6OJJvoje\nGFzKetjK9GSMtwVddsa3UpRGlThZMIGr8uS0an/2GrS1d2jmGVhaElirEMjhmcIR\nMO6e1dOqE6jaMB2VjUhTeeHPkg0QkC16zy9rvucAU9LrsQAAA7ijz2OKo89jigAA\nAAdzc2gtcnNhAAABAQClbOUi5bwn4BGkyfO+7kmpg32Ywhe7hpNdZp9aOpn2cwAo\n+pdnoovH+KAW5J0nNJQ7rSobZLBC9NlZb/E8IT7jqo9R5YlesV6RrXaP09fLByfQ\ny+OpDvWeQxczM/kpe3NSD5BM5QgxdypiT/vbBzQJiJdkKeu/ICHYp56fgPKo5GLy\n2dMwVAL3pgNdFTcigSMryKpxEgJejsGOgyZPRcovCIEwt1WDpxno4km+iN4YXMp6\n2Mr0ZIy3BV12xrdSlEaVOFkwgavy5LRqf/YatLV3aOYZWFoSWKsQyOGZwhEw7p7V\n06oTqNowHZWNSFN54c+SDRCQLXrPL2u+5wBT0uuxAAAAAwEAAQAAAQBNmZqXVzt/\nXR4Jtm6v9yn46eTF/u6RGl0QqG5CLlFBCctebccOZ3K42MmIU6/gz0pmACJLfV0t\n25wF13xLX7EXrU/T9CAPmpapMbz3VUHaTL4BtVNTX+AaYJCGhW/xZKbBLOndGGdS\nhPsN6UVVBrkDa97QrtWW76TQ9Dh1zFCIpvD9HJIfODyFKSkCiDVTLu0iugAcWK+/\nsgeHGtDCeNai/IPK3sJ50GptoqAm6VFav+8iShSQSoJf/3EaTdxxxL1mE6DhbjYn\nP4w1K+VhZGmOgW6yvcrIIR8hfkZ8QWj3vNY1Lzf7w56dJbv4qdGPRGiXhfqjan0Y\naN2jE2WmEuPtAAAAgCzdD5DXobWjFX0OxicmMo/qBe5vjDZY86vWZJozt0/a+2ek\n88/xJsxWnQaCsjXssy2ENJuCJTGBx1nDRIWm3BwsqKs6tuYdxRKswIgb/XTHGrpp\nNbZpIYM4cDb0/vd6QUAZlhE+cocP1RlhksSTI1Eq26jXp/KtwqdmneBAHGHQAAAA\ngQDE4AJ89OP7lVuBbOQjnWiYkBb1h6sS34Vkovi6sLJSYlrXz2mRTEhwE0jQIf4i\nu2ACMLZSkH7EmbG7XH4abEwQwBjxFK/DzxG0YD43DuIKte/XTEt5m6+v6EWbHrWU\n4Vzhq+cuJDqoypyTbP9iBytnLavUyIeSzsu3QQtOHKCXiwAAAIEA1xr/Pya1XupE\nU9NJWdbIWUxJK22uA82Hl3M8etjpJQNRzIaL2bZK1aaxSLO0OT5Q+oiPpelQUkYH\n9KjebYV8gMlIBK7ANxXYc1snWmTmTYBSXlCjrRxnSVPzrtkc0Cv7HEi2vVhDeuj6\nRDtMvy07Qm3vQDcFnztanqqzB2XdkTMAAAAAAQID\n-----END OPENSSH PRIVATE KEY-----\n",
            "private_key_pem": "-----BEGIN RSA PRIVATE KEY-----\nMIIEowIBAAKCAQEApWzlIuW8J+ARpMnzvu5JqYN9mMIXu4aTXWafWjqZ9nMAKPqX\nZ6KLx/igFuSdJzSUO60qG2SwQvTZWW/xPCE+46qPUeWJXrFeka12j9PXywcn0Mvj\nqQ71nkMXMzP5KXtzUg+QTOUIMXcqYk/72wc0CYiXZCnrvyAh2Keen4DyqORi8tnT\nMFQC96YDXRU3IoEjK8iqcRICXo7BjoMmT0XKLwiBMLdVg6cZ6OJJvojeGFzKetjK\n9GSMtwVddsa3UpRGlThZMIGr8uS0an/2GrS1d2jmGVhaElirEMjhmcIRMO6e1dOq\nE6jaMB2VjUhTeeHPkg0QkC16zy9rvucAU9LrsQIDAQABAoIBAE2ZmpdXO39dHgm2\nbq/3Kfjp5MX+7pEaXRCobkIuUUEJy15txw5ncrjYyYhTr+DPSmYAIkt9XS3bnAXX\nfEtfsRetT9P0IA+alqkxvPdVQdpMvgG1U1Nf4BpgkIaFb/FkpsEs6d0YZ1KE+w3p\nRVUGuQNr3tCu1ZbvpND0OHXMUIim8P0ckh84PIUpKQKINVMu7SK6ABxYr7+yB4ca\n0MJ41qL8g8rewnnQam2ioCbpUVq/7yJKFJBKgl//cRpN3HHEvWYToOFuNic/jDUr\n5WFkaY6BbrK9ysghHyF+RnxBaPe81jUvN/vDnp0lu/ip0Y9EaJeF+qNqfRho3aMT\nZaYS4+0CgYEAxOACfPTj+5VbgWzkI51omJAW9YerEt+FZKL4urCyUmJa189pkUxI\ncBNI0CH+IrtgAjC2UpB+xJmxu1x+GmxMEMAY8RSvw88RtGA+Nw7iCrXv10xLeZuv\nr+hFmx61lOFc4avnLiQ6qMqck2z/YgcrZy2r1MiHks7Lt0ELThygl4sCgYEA1xr/\nPya1XupEU9NJWdbIWUxJK22uA82Hl3M8etjpJQNRzIaL2bZK1aaxSLO0OT5Q+oiP\npelQUkYH9KjebYV8gMlIBK7ANxXYc1snWmTmTYBSXlCjrRxnSVPzrtkc0Cv7HEi2\nvVhDeuj6RDtMvy07Qm3vQDcFnztanqqzB2XdkTMCgYEAkljm4JZ2RtU/AVW9vU/M\nqeQqfPgNzmjD0wxmkvi4hg9A8j3nfq/TBSUAsl8ieBULiHVHgtaQtXp+qQVXZDLu\n1GDH6aX0Bj2OLqSAexMgKtAV6th3Hn4BumSSIX5RgsuH7OWJYz5hMIn0nI6gxPEJ\nbZiArBso1JPO0XmTesxDAIMCgYAz8Nfrltw61BS1rRJMODnenjYY334ievGf13qm\nK1R41Ile+qowYv1FA+BRLtt46xxAstME/AaiJzjqkhBLn+0FaBUU1GGjq4m9qSgi\ngrS9yBubnJs5RN+H7FauRMzZU5VqKgC+Td7VggZUjYEltLVXgBZCika4QWvLXmqm\ngalz0wKBgCzdD5DXobWjFX0OxicmMo/qBe5vjDZY86vWZJozt0/a+2ek88/xJsxW\nnQaCsjXssy2ENJuCJTGBx1nDRIWm3BwsqKs6tuYdxRKswIgb/XTHGrppNbZpIYM4\ncDb0/vd6QUAZlhE+cocP1RlhksSTI1Eq26jXp/KtwqdmneBAHGHQ\n-----END RSA PRIVATE KEY-----\n",
            "private_key_pem_pkcs8": "-----BEGIN PRIVATE KEY-----\nMIIEvQIBADANBgkqhkiG9w0BAQEFAASCBKcwggSjAgEAAoIBAQClbOUi5bwn4BGk\nyfO+7kmpg32Ywhe7hpNdZp9aOpn2cwAo+pdnoovH+KAW5J0nNJQ7rSobZLBC9NlZ\nb/E8IT7jqo9R5YlesV6RrXaP09fLByfQy+OpDvWeQxczM/kpe3NSD5BM5Qgxdypi\nT/vbBzQJiJdkKeu/ICHYp56fgPKo5GLy2dMwVAL3pgNdFTcigSMryKpxEgJejsGO\ngyZPRcovCIEwt1WDpxno4km+iN4YXMp62Mr0ZIy3BV12xrdSlEaVOFkwgavy5LRq\nf/YatLV3aOYZWFoSWKsQyOGZwhEw7p7V06oTqNowHZWNSFN54c+SDRCQLXrPL2u+\n5wBT0uuxAgMBAAECggEATZmal1c7f10eCbZur/cp+Onkxf7ukRpdEKhuQi5RQQnL\nXm3HDmdyuNjJiFOv4M9KZgAiS31dLducBdd8S1+xF61P0/QgD5qWqTG891VB2ky+\nAbVTU1/gGmCQhoVv8WSmwSzp3RhnUoT7DelFVQa5A2ve0K7Vlu+k0PQ4dcxQiKbw\n/RySHzg8hSkpAog1Uy7tIroAHFivv7IHhxrQwnjWovyDyt7CedBqbaKgJulRWr/v\nIkoUkEqCX/9xGk3cccS9ZhOg4W42Jz+MNSvlYWRpjoFusr3KyCEfIX5GfEFo97zW\nNS83+8OenSW7+KnRj0Rol4X6o2p9GGjdoxNlphLj7QKBgQDE4AJ89OP7lVuBbOQj\nnWiYkBb1h6sS34Vkovi6sLJSYlrXz2mRTEhwE0jQIf4iu2ACMLZSkH7EmbG7XH4a\nbEwQwBjxFK/DzxG0YD43DuIKte/XTEt5m6+v6EWbHrWU4Vzhq+cuJDqoypyTbP9i\nBytnLavUyIeSzsu3QQtOHKCXiwKBgQDXGv8/JrVe6kRT00lZ1shZTEkrba4DzYeX\nczx62OklA1HMhovZtkrVprFIs7Q5PlD6iI+l6VBSRgf0qN5thXyAyUgErsA3Fdhz\nWydaZOZNgFJeUKOtHGdJU/Ou2RzQK/scSLa9WEN66PpEO0y/LTtCbe9ANwWfO1qe\nqrMHZd2RMwKBgQCSWObglnZG1T8BVb29T8yp5Cp8+A3OaMPTDGaS+LiGD0DyPed+\nr9MFJQCyXyJ4FQuIdUeC1pC1en6pBVdkMu7UYMfppfQGPY4upIB7EyAq0BXq2Hce\nfgG6ZJIhflGCy4fs5YljPmEwifScjqDE8QltmICsGyjUk87ReZN6zEMAgwKBgDPw\n1+uW3DrUFLWtEkw4Od6eNhjffiJ68Z/XeqYrVHjUiV76qjBi/UUD4FEu23jrHECy\n0wT8BqInOOqSEEuf7QVoFRTUYaOrib2pKCKCtL3IG5ucmzlE34fsVq5EzNlTlWoq\nAL5N3tWCBlSNgSW0tVeAFkKKRrhBa8teaqaBqXPTAoGALN0PkNehtaMVfQ7GJyYy\nj+oF7m+MNljzq9ZkmjO3T9r7Z6Tzz/EmzFadBoKyNeyzLYQ0m4IlMYHHWcNEhabc\nHCyoqzq25h3FEqzAiBv9dMcaumk1tmkhgzhwNvT+93pBQBmWET5yhw/VGWGSxJMj\nUSrbqNen8q3Cp2ad4EAcYdA=\n-----END PRIVATE KEY-----\n",
            "public_key_fingerprint_md5": "d8:6d:df:fb:5e:2d:33:75:da:a7:c1:34:28:a8:82:19",
            "public_key_fingerprint_sha256": "SHA256:Cg5Ls19X2/jrQXJDg9hwl8fwoQS2rkcB8XIvNb8jeK4",
            "public_key_openssh": "ssh-rsa AAAAB3NzaC1yc2EAAAADAQABAAABAQClbOUi5bwn4BGkyfO+7kmpg32Ywhe7hpNdZp9aOpn2cwAo+pdnoovH+KAW5J0nNJQ7rSobZLBC9NlZb/E8IT7jqo9R5YlesV6RrXaP09fLByfQy+OpDvWeQxczM/kpe3NSD5BM5QgxdypiT/vbBzQJiJdkKeu/ICHYp56fgPKo5GLy2dMwVAL3pgNdFTcigSMryKpxEgJejsGOgyZPRcovCIEwt1WDpxno4km+iN4YXMp62Mr0ZIy3BV12xrdSlEaVOFkwgavy5LRqf/YatLV3aOYZWFoSWKsQyOGZwhEw7p7V06oTqNowHZWNSFN54c+SDRCQLXrPL2u+5wBT0uux\n",
            "public_key_pem": "-----BEGIN PUBLIC KEY-----\nMIIBIjANBgkqhkiG9w0BAQEFAAOCAQ8AMIIBCgKCAQEApWzlIuW8J+ARpMnzvu5J\nqYN9mMIXu4aTXWafWjqZ9nMAKPqXZ6KLx/igFuSdJzSUO60qG2SwQvTZWW/xPCE+\n46qPUeWJXrFeka12j9PXywcn0MvjqQ71nkMXMzP5KXtzUg+QTOUIMXcqYk/72wc0\nCYiXZCnrvyAh2Keen4DyqORi8tnTMFQC96YDXRU3IoEjK8iqcRICXo7BjoMmT0XK\nLwiBMLdVg6cZ6OJJvojeGFzKetjK9GSMtwVddsa3UpRGlThZMIGr8uS0an/2GrS1\nd2jmGVhaElirEMjhmcIRMO6e1dOqE6jaMB2VjUhTeeHPkg0QkC16zy9rvucAU9Lr\nsQIDAQAB\n-----END PUBLIC KEY-----\n",
            "rsa_bits": 2048
          },
          "sensitive_attributes": []
        }
      ]
    },
    {
      "module": "module.security",
      "mode": "managed",
      "type": "aws_security_group",
      "name": "main_sg",
      "provider": "provider[\"registry.terraform.io/hashicorp/aws\"]",
      "instances": [
        {
          "schema_version": 1,
          "attributes": {
            "arn": "arn:aws:ec2:us-east-1:286571561339:security-group/sg-0c831c017ae7c1f9e",
            "description": "Permitir acesso SSH restrito por ip de origem e todo o trafego de saida",
            "egress": [
              {
                "cidr_blocks": [
                  "0.0.0.0/0"
                ],
                "description": "Allow all outbound traffic",
                "from_port": 0,
                "ipv6_cidr_blocks": [],
                "prefix_list_ids": [],
                "protocol": "-1",
                "security_groups": [],
                "self": false,
                "to_port": 0
              }
            ],
            "id": "sg-0c831c017ae7c1f9e",
            "ingress": [
              {
                "cidr_blocks": [
                  "189.78.50.40/32"
                ],
                "description": "Allow SSH from my IP",
                "from_port": 22,
                "ipv6_cidr_blocks": [],
                "prefix_list_ids": [],
                "protocol": "tcp",
                "security_groups": [],
                "self": false,
                "to_port": 22
              }
            ],
            "name": "VExpenses-william-sg",
            "name_prefix": "",
            "owner_id": "286571561339",
            "revoke_rules_on_delete": false,
            "tags": {
              "Name": "VExpenses-william-sg"
            },
            "tags_all": {
              "Name": "VExpenses-william-sg"
            },
            "timeouts": null,
            "vpc_id": "vpc-099ff8a885e6d70d7"
          },
          "sensitive_attributes": [],
          "private": "eyJlMmJmYjczMC1lY2FhLTExZTYtOGY4OC0zNDM2M2JjN2M0YzAiOnsiY3JlYXRlIjo2MDAwMDAwMDAwMDAsImRlbGV0ZSI6OTAwMDAwMDAwMDAwfSwic2NoZW1hX3ZlcnNpb24iOiIxIn0=",
          "dependencies": [
            "module.vpc.aws_vpc.main_vpc"
          ]
        }
      ]
    },
    {
      "module": "module.vpc",
      "mode": "managed",
      "type": "aws_internet_gateway",
      "name": "main_igw",
      "provider": "provider[\"registry.terraform.io/hashicorp/aws\"]",
      "instances": [
        {
          "schema_version": 0,
          "attributes": {
            "arn": "arn:aws:ec2:us-east-1:286571561339:internet-gateway/igw-067a27014bdd47b0f",
            "id": "igw-067a27014bdd47b0f",
            "owner_id": "286571561339",
            "tags": {
              "Name": "VExpenses-william-igw"
            },
            "tags_all": {
              "Name": "VExpenses-william-igw"
            },
            "timeouts": null,
            "vpc_id": "vpc-099ff8a885e6d70d7"
          },
          "sensitive_attributes": [],
          "private": "eyJlMmJmYjczMC1lY2FhLTExZTYtOGY4OC0zNDM2M2JjN2M0YzAiOnsiY3JlYXRlIjoxMjAwMDAwMDAwMDAwLCJkZWxldGUiOjEyMDAwMDAwMDAwMDAsInVwZGF0ZSI6MTIwMDAwMDAwMDAwMH19",
          "dependencies": [
            "module.vpc.aws_vpc.main_vpc"
          ]
        }
      ]
    },
    {
      "module": "module.vpc",
      "mode": "managed",
      "type": "aws_route_table",
      "name": "main_route_table",
      "provider": "provider[\"registry.terraform.io/hashicorp/aws\"]",
      "instances": [
        {
          "schema_version": 0,
          "attributes": {
            "arn": "arn:aws:ec2:us-east-1:286571561339:route-table/rtb-0797f4a28603a394c",
            "id": "rtb-0797f4a28603a394c",
            "owner_id": "286571561339",
            "propagating_vgws": [],
            "route": [
              {
                "carrier_gateway_id": "",
                "cidr_block": "0.0.0.0/0",
                "core_network_arn": "",
                "destination_prefix_list_id": "",
                "egress_only_gateway_id": "",
                "gateway_id": "igw-067a27014bdd47b0f",
                "ipv6_cidr_block": "",
                "local_gateway_id": "",
                "nat_gateway_id": "",
                "network_interface_id": "",
                "transit_gateway_id": "",
                "vpc_endpoint_id": "",
                "vpc_peering_connection_id": ""
              }
            ],
            "tags": {
              "Name": "VExpenses-william-route_table"
            },
            "tags_all": {
              "Name": "VExpenses-william-route_table"
            },
            "timeouts": null,
            "vpc_id": "vpc-099ff8a885e6d70d7"
          },
          "sensitive_attributes": [],
          "private": "eyJlMmJmYjczMC1lY2FhLTExZTYtOGY4OC0zNDM2M2JjN2M0YzAiOnsiY3JlYXRlIjozMDAwMDAwMDAwMDAsImRlbGV0ZSI6MzAwMDAwMDAwMDAwLCJ1cGRhdGUiOjEyMDAwMDAwMDAwMH19",
          "dependencies": [
            "module.vpc.aws_internet_gateway.main_igw",
            "module.vpc.aws_vpc.main_vpc"
          ]
        }
      ]
    },
    {
      "module": "module.vpc",
      "mode": "managed",
      "type": "aws_route_table_association",
      "name": "main_association",
      "provider": "provider[\"registry.terraform.io/hashicorp/aws\"]",
      "instances": [
        {
          "schema_version": 0,
          "attributes": {
            "gateway_id": "",
            "id": "rtbassoc-041510e5338e7fb27",
            "route_table_id": "rtb-0797f4a28603a394c",
            "subnet_id": "subnet-05c71ce17a93ffbc4",
            "timeouts": null
          },
          "sensitive_attributes": [],
          "private": "eyJlMmJmYjczMC1lY2FhLTExZTYtOGY4OC0zNDM2M2JjN2M0YzAiOnsiY3JlYXRlIjozMDAwMDAwMDAwMDAsImRlbGV0ZSI6MzAwMDAwMDAwMDAwLCJ1cGRhdGUiOjEyMDAwMDAwMDAwMH19",
          "dependencies": [
            "module.vpc.aws_internet_gateway.main_igw",
            "module.vpc.aws_route_table.main_route_table",
            "module.vpc.aws_subnet.main_subnet",
            "module.vpc.aws_vpc.main_vpc"
          ]
        }
      ]
    },
    {
      "module": "module.vpc",
      "mode": "managed",
      "type": "aws_subnet",
      "name": "main_subnet",
      "provider": "provider[\"registry.terraform.io/hashicorp/aws\"]",
      "instances": [
        {
          "schema_version": 1,
          "attributes": {
            "arn": "arn:aws:ec2:us-east-1:286571561339:subnet/subnet-05c71ce17a93ffbc4",
            "assign_ipv6_address_on_creation": false,
            "availability_zone": "us-east-1a",
            "availability_zone_id": "use1-az1",
            "cidr_block": "10.0.1.0/24",
            "customer_owned_ipv4_pool": "",
            "enable_dns64": false,
            "enable_lni_at_device_index": 0,
            "enable_resource_name_dns_a_record_on_launch": false,
            "enable_resource_name_dns_aaaa_record_on_launch": false,
            "id": "subnet-05c71ce17a93ffbc4",
            "ipv6_cidr_block": "",
            "ipv6_cidr_block_association_id": "",
            "ipv6_native": false,
            "map_customer_owned_ip_on_launch": false,
            "map_public_ip_on_launch": false,
            "outpost_arn": "",
            "owner_id": "286571561339",
            "private_dns_hostname_type_on_launch": "ip-name",
            "tags": {
              "Name": "VExpenses-william-subnet"
            },
            "tags_all": {
              "Name": "VExpenses-william-subnet"
            },
            "timeouts": null,
            "vpc_id": "vpc-099ff8a885e6d70d7"
          },
          "sensitive_attributes": [],
          "private": "eyJlMmJmYjczMC1lY2FhLTExZTYtOGY4OC0zNDM2M2JjN2M0YzAiOnsiY3JlYXRlIjo2MDAwMDAwMDAwMDAsImRlbGV0ZSI6MTIwMDAwMDAwMDAwMH0sInNjaGVtYV92ZXJzaW9uIjoiMSJ9",
          "dependencies": [
            "module.vpc.aws_vpc.main_vpc"
          ]
        }
      ]
    },
    {
      "module": "module.vpc",
      "mode": "managed",
      "type": "aws_vpc",
      "name": "main_vpc",
      "provider": "provider[\"registry.terraform.io/hashicorp/aws\"]",
      "instances": [
        {
          "schema_version": 1,
          "attributes": {
            "arn": "arn:aws:ec2:us-east-1:286571561339:vpc/vpc-099ff8a885e6d70d7",
            "assign_generated_ipv6_cidr_block": false,
            "cidr_block": "10.0.0.0/16",
            "default_network_acl_id": "acl-04ce644bc5596f8e7",
            "default_route_table_id": "rtb-0f46654638a471147",
            "default_security_group_id": "sg-05ca0d68e75641054",
            "dhcp_options_id": "dopt-02245216da2fd32f7",
            "enable_dns_hostnames": true,
            "enable_dns_support": true,
            "enable_network_address_usage_metrics": false,
            "id": "vpc-099ff8a885e6d70d7",
            "instance_tenancy": "default",
            "ipv4_ipam_pool_id": null,
            "ipv4_netmask_length": null,
            "ipv6_association_id": "",
            "ipv6_cidr_block": "",
            "ipv6_cidr_block_network_border_group": "",
            "ipv6_ipam_pool_id": "",
            "ipv6_netmask_length": 0,
            "main_route_table_id": "rtb-0f46654638a471147",
            "owner_id": "286571561339",
            "tags": {
              "Name": "VExpenses-william-vpc"
            },
            "tags_all": {
              "Name": "VExpenses-william-vpc"
            }
          },
          "sensitive_attributes": [],
          "private": "eyJzY2hlbWFfdmVyc2lvbiI6IjEifQ=="
        }
      ]
    }
  ],
  "check_results": null
}
